
Microsoft Visual Studio Solution File, Format Version 12.00
# Visual Studio 2012
Project("{FAE04EC0-301F-11D3-BF4B-00C04F79EFBC}") = "EngineIoClientDotNet.Tests.xamarinios10.UnitTestApp", "EngineIoClientDotNet.Tests.xamarinios10.UnitTestApp.csproj", "{C0F4C388-C1F0-4942-ACE1-0929F809A11F}"
EndProject
Project("{FAE04EC0-301F-11D3-BF4B-00C04F79EFBC}") = "EngineIoClientDotNet.xamarinios10", "..\EngineIoClientDotNet.xamarinios10\EngineIoClientDotNet.xamarinios10.csproj", "{D18F0FD4-40AE-43B0-9188-7BD77AF87C73}"
EndProject
Global
	GlobalSection(SolutionConfigurationPlatforms) = preSolution
		Debug|iPhoneSimulator = Debug|iPhoneSimulator
		Release|iPhoneSimulator = Release|iPhoneSimulator
		Debug|iPhone = Debug|iPhone
		Release|iPhone = Release|iPhone
		Ad-Hoc|iPhone = Ad-Hoc|iPhone
		AppStore|iPhone = AppStore|iPhone
	EndGlobalSection
	GlobalSection(ProjectConfigurationPlatforms) = postSolution
		{C0F4C388-C1F0-4942-ACE1-0929F809A11F}.Ad-Hoc|iPhone.ActiveCfg = Ad-Hoc|iPhone
		{C0F4C388-C1F0-4942-ACE1-0929F809A11F}.Ad-Hoc|iPhone.Build.0 = Ad-Hoc|iPhone
		{C0F4C388-C1F0-4942-ACE1-0929F809A11F}.AppStore|iPhone.ActiveCfg = AppStore|iPhone
		{C0F4C388-C1F0-4942-ACE1-0929F809A11F}.AppStore|iPhone.Build.0 = AppStore|iPhone
		{C0F4C388-C1F0-4942-ACE1-0929F809A11F}.Debug|iPhone.ActiveCfg = Debug|iPhone
		{C0F4C388-C1F0-4942-ACE1-0929F809A11F}.Debug|iPhone.Build.0 = Debug|iPhone
		{C0F4C388-C1F0-4942-ACE1-0929F809A11F}.Debug|iPhoneSimulator.ActiveCfg = Debug|iPhoneSimulator
		{C0F4C388-C1F0-4942-ACE1-0929F809A11F}.Debug|iPhoneSimulator.Build.0 = Debug|iPhoneSimulator
		{C0F4C388-C1F0-4942-ACE1-0929F809A11F}.Release|iPhone.ActiveCfg = Release|iPhone
		{C0F4C388-C1F0-4942-ACE1-0929F809A11F}.Release|iPhone.Build.0 = Release|iPhone
		{C0F4C388-C1F0-4942-ACE1-0929F809A11F}.Release|iPhoneSimulator.ActiveCfg = Release|iPhoneSimulator
		{C0F4C388-C1F0-4942-ACE1-0929F809A11F}.Release|iPhoneSimulator.Build.0 = Release|iPhoneSimulator
		{D18F0FD4-40AE-43B0-9188-7BD77AF87C73}.Ad-Hoc|iPhone.ActiveCfg = Release|Any CPU
		{D18F0FD4-40AE-43B0-9188-7BD77AF87C73}.Ad-Hoc|iPhone.Build.0 = Release|Any CPU
		{D18F0FD4-40AE-43B0-9188-7BD77AF87C73}.AppStore|iPhone.ActiveCfg = Release|Any CPU
		{D18F0FD4-40AE-43B0-9188-7BD77AF87C73}.AppStore|iPhone.Build.0 = Release|Any CPU
		{D18F0FD4-40AE-43B0-9188-7BD77AF87C73}.Debug|iPhone.ActiveCfg = Debug|Any CPU
		{D18F0FD4-40AE-43B0-9188-7BD77AF87C73}.Debug|iPhone.Build.0 = Debug|Any CPU
		{D18F0FD4-40AE-43B0-9188-7BD77AF87C73}.Debug|iPhoneSimulator.ActiveCfg = Debug|Any CPU
		{D18F0FD4-40AE-43B0-9188-7BD77AF87C73}.Debug|iPhoneSimulator.Build.0 = Debug|Any CPU
		{D18F0FD4-40AE-43B0-9188-7BD77AF87C73}.Release|iPhone.ActiveCfg = Release|Any CPU
		{D18F0FD4-40AE-43B0-9188-7BD77AF87C73}.Release|iPhone.Build.0 = Release|Any CPU
		{D18F0FD4-40AE-43B0-9188-7BD77AF87C73}.Release|iPhoneSimulator.ActiveCfg = Release|Any CPU
		{D18F0FD4-40AE-43B0-9188-7BD77AF87C73}.Release|iPhoneSimulator.Build.0 = Release|Any CPU
	EndGlobalSection
EndGlobal
