
Microsoft Visual Studio Solution File, Format Version 12.00
# Visual Studio 2012
Project("{FAE04EC0-301F-11D3-BF4B-00C04F79EFBC}") = "EngineIoClientDotNet.Tests.monoandroid22.UnitTestApp", "EngineIoClientDotNet.Tests.monoandroid22.UnitTestApp.csproj", "{96FCA1BE-B84E-4A6C-8688-194D3460E440}"
EndProject
Project("{FAE04EC0-301F-11D3-BF4B-00C04F79EFBC}") = "EngineIoClientDotNet.monoandroid22", "..\EngineIoClientDotNet.monoandroid22\EngineIoClientDotNet.monoandroid22.csproj", "{2F2843CC-D79B-4D35-B3E7-9A0EFDE95C5F}"
EndProject
Global
	GlobalSection(SolutionConfigurationPlatforms) = preSolution
		Debug|Any CPU = Debug|Any CPU
		Release|Any CPU = Release|Any CPU
	EndGlobalSection
	GlobalSection(ProjectConfigurationPlatforms) = postSolution
		{2F2843CC-D79B-4D35-B3E7-9A0EFDE95C5F}.Debug|Any CPU.ActiveCfg = Debug|Any CPU
		{2F2843CC-D79B-4D35-B3E7-9A0EFDE95C5F}.Debug|Any CPU.Build.0 = Debug|Any CPU
		{2F2843CC-D79B-4D35-B3E7-9A0EFDE95C5F}.Release|Any CPU.ActiveCfg = Release|Any CPU
		{2F2843CC-D79B-4D35-B3E7-9A0EFDE95C5F}.Release|Any CPU.Build.0 = Release|Any CPU
		{96FCA1BE-B84E-4A6C-8688-194D3460E440}.Debug|Any CPU.ActiveCfg = Debug|Any CPU
		{96FCA1BE-B84E-4A6C-8688-194D3460E440}.Debug|Any CPU.Build.0 = Debug|Any CPU
		{96FCA1BE-B84E-4A6C-8688-194D3460E440}.Release|Any CPU.ActiveCfg = Release|Any CPU
		{96FCA1BE-B84E-4A6C-8688-194D3460E440}.Release|Any CPU.Build.0 = Release|Any CPU
	EndGlobalSection
EndGlobal
